
Microsoft Visual Studio Solution File, Format Version 12.00
# Visual Studio 2013
VisualStudioVersion = 12.0.30501.0
MinimumVisualStudioVersion = 10.0.40219.1
Project("{FAE04EC0-301F-11D3-BF4B-00C04F79EFBC}") = "Mixpanel.Net4Client", "Mixpanel.Net4Client\Mixpanel.Net4Client.csproj", "{623423C4-6687-4A37-A7F1-D10A436944F7}"
EndProject
Project("{FAE04EC0-301F-11D3-BF4B-00C04F79EFBC}") = "Mixpanel.WP8", "Mixpanel.WP8\Mixpanel.WP8.csproj", "{14B809F1-CD9C-4DD1-8638-BDE41CFC2832}"
EndProject
Project("{FAE04EC0-301F-11D3-BF4B-00C04F79EFBC}") = "Mixpanel.WP81", "Mixpanel.WP81\Mixpanel.WP81.csproj", "{4C3469E1-ECEE-4BDB-A5A8-C51264A75381}"
EndProject
Project("{FAE04EC0-301F-11D3-BF4B-00C04F79EFBC}") = "Mixpanel.WinRT81", "Mixpanel.WinRT81\Mixpanel.WinRT81.csproj", "{8BDA2114-9B9D-467F-93CD-3F2866932847}"
EndProject
Project("{FAE04EC0-301F-11D3-BF4B-00C04F79EFBC}") = "TestAppWP8", "TestAppWP8\TestAppWP8.csproj", "{E8AC87AD-4A8A-4EFA-84E7-25C5F62E092E}"
EndProject
Project("{FAE04EC0-301F-11D3-BF4B-00C04F79EFBC}") = "TestAppWP81", "TestAppWP81\TestAppWP81.csproj", "{E98A52E9-34E3-49AC-BE36-F954E7ECA9A7}"
EndProject
Project("{FAE04EC0-301F-11D3-BF4B-00C04F79EFBC}") = "TestAppNet4Client", "TestAppNet4Client\TestAppNet4Client.csproj", "{7D277E14-6CBA-4CDF-9D41-8424E7BE14C4}"
EndProject
Project("{FAE04EC0-301F-11D3-BF4B-00C04F79EFBC}") = "Mixpanel.Universal81", "Mixpanel.Universal81\Mixpanel.Universal81.csproj", "{615FD0F0-3829-4958-B26D-223F476D16CB}"
EndProject
Project("{FAE04EC0-301F-11D3-BF4B-00C04F79EFBC}") = "TestAppUniversal", "TestAppUniversal\TestAppUniversal.csproj", "{D3257577-5649-455A-A71C-E0857C13C4EF}"
EndProject
Project("{2150E333-8FDC-42A3-9474-1A3956D46DE8}") = "UnitTests", "UnitTests", "{9B4B9166-DFF4-470A-A505-A8B8FEA061F5}"
EndProject
Project("{FAE04EC0-301F-11D3-BF4B-00C04F79EFBC}") = "TestAppWinRT81", "TestAppWinRT81\TestAppWinRT81.csproj", "{E86F5F79-3207-46A2-B10F-52144D087FB8}"
EndProject
Global
	GlobalSection(SolutionConfigurationPlatforms) = preSolution
		Debug|Any CPU = Debug|Any CPU
		Debug|ARM = Debug|ARM
		Debug|Mixed Platforms = Debug|Mixed Platforms
		Debug|x64 = Debug|x64
		Debug|x86 = Debug|x86
		Release|Any CPU = Release|Any CPU
		Release|ARM = Release|ARM
		Release|Mixed Platforms = Release|Mixed Platforms
		Release|x64 = Release|x64
		Release|x86 = Release|x86
	EndGlobalSection
	GlobalSection(ProjectConfigurationPlatforms) = postSolution
		{623423C4-6687-4A37-A7F1-D10A436944F7}.Debug|Any CPU.ActiveCfg = Debug|Any CPU
		{623423C4-6687-4A37-A7F1-D10A436944F7}.Debug|Any CPU.Build.0 = Debug|Any CPU
		{623423C4-6687-4A37-A7F1-D10A436944F7}.Debug|ARM.ActiveCfg = Debug|Any CPU
		{623423C4-6687-4A37-A7F1-D10A436944F7}.Debug|Mixed Platforms.ActiveCfg = Debug|Any CPU
		{623423C4-6687-4A37-A7F1-D10A436944F7}.Debug|Mixed Platforms.Build.0 = Debug|Any CPU
		{623423C4-6687-4A37-A7F1-D10A436944F7}.Debug|x64.ActiveCfg = Debug|Any CPU
		{623423C4-6687-4A37-A7F1-D10A436944F7}.Debug|x86.ActiveCfg = Debug|Any CPU
		{623423C4-6687-4A37-A7F1-D10A436944F7}.Release|Any CPU.ActiveCfg = Release|Any CPU
		{623423C4-6687-4A37-A7F1-D10A436944F7}.Release|Any CPU.Build.0 = Release|Any CPU
		{623423C4-6687-4A37-A7F1-D10A436944F7}.Release|ARM.ActiveCfg = Release|Any CPU
		{623423C4-6687-4A37-A7F1-D10A436944F7}.Release|Mixed Platforms.ActiveCfg = Release|Any CPU
		{623423C4-6687-4A37-A7F1-D10A436944F7}.Release|Mixed Platforms.Build.0 = Release|Any CPU
		{623423C4-6687-4A37-A7F1-D10A436944F7}.Release|x64.ActiveCfg = Release|Any CPU
		{623423C4-6687-4A37-A7F1-D10A436944F7}.Release|x86.ActiveCfg = Release|Any CPU
		{14B809F1-CD9C-4DD1-8638-BDE41CFC2832}.Debug|Any CPU.ActiveCfg = Debug|Any CPU
		{14B809F1-CD9C-4DD1-8638-BDE41CFC2832}.Debug|Any CPU.Build.0 = Debug|Any CPU
		{14B809F1-CD9C-4DD1-8638-BDE41CFC2832}.Debug|ARM.ActiveCfg = Debug|ARM
		{14B809F1-CD9C-4DD1-8638-BDE41CFC2832}.Debug|ARM.Build.0 = Debug|ARM
		{14B809F1-CD9C-4DD1-8638-BDE41CFC2832}.Debug|Mixed Platforms.ActiveCfg = Debug|x86
		{14B809F1-CD9C-4DD1-8638-BDE41CFC2832}.Debug|Mixed Platforms.Build.0 = Debug|x86
		{14B809F1-CD9C-4DD1-8638-BDE41CFC2832}.Debug|x64.ActiveCfg = Debug|Any CPU
		{14B809F1-CD9C-4DD1-8638-BDE41CFC2832}.Debug|x86.ActiveCfg = Debug|x86
		{14B809F1-CD9C-4DD1-8638-BDE41CFC2832}.Debug|x86.Build.0 = Debug|x86
		{14B809F1-CD9C-4DD1-8638-BDE41CFC2832}.Release|Any CPU.ActiveCfg = Release|Any CPU
		{14B809F1-CD9C-4DD1-8638-BDE41CFC2832}.Release|Any CPU.Build.0 = Release|Any CPU
		{14B809F1-CD9C-4DD1-8638-BDE41CFC2832}.Release|ARM.ActiveCfg = Release|ARM
		{14B809F1-CD9C-4DD1-8638-BDE41CFC2832}.Release|ARM.Build.0 = Release|ARM
		{14B809F1-CD9C-4DD1-8638-BDE41CFC2832}.Release|Mixed Platforms.ActiveCfg = Release|x86
		{14B809F1-CD9C-4DD1-8638-BDE41CFC2832}.Release|Mixed Platforms.Build.0 = Release|x86
		{14B809F1-CD9C-4DD1-8638-BDE41CFC2832}.Release|x64.ActiveCfg = Release|Any CPU
		{14B809F1-CD9C-4DD1-8638-BDE41CFC2832}.Release|x86.ActiveCfg = Release|x86
		{14B809F1-CD9C-4DD1-8638-BDE41CFC2832}.Release|x86.Build.0 = Release|x86
		{4C3469E1-ECEE-4BDB-A5A8-C51264A75381}.Debug|Any CPU.ActiveCfg = Debug|Any CPU
		{4C3469E1-ECEE-4BDB-A5A8-C51264A75381}.Debug|Any CPU.Build.0 = Debug|Any CPU
		{4C3469E1-ECEE-4BDB-A5A8-C51264A75381}.Debug|ARM.ActiveCfg = Debug|ARM
		{4C3469E1-ECEE-4BDB-A5A8-C51264A75381}.Debug|ARM.Build.0 = Debug|ARM
		{4C3469E1-ECEE-4BDB-A5A8-C51264A75381}.Debug|Mixed Platforms.ActiveCfg = Debug|x86
		{4C3469E1-ECEE-4BDB-A5A8-C51264A75381}.Debug|Mixed Platforms.Build.0 = Debug|x86
		{4C3469E1-ECEE-4BDB-A5A8-C51264A75381}.Debug|x64.ActiveCfg = Debug|Any CPU
		{4C3469E1-ECEE-4BDB-A5A8-C51264A75381}.Debug|x86.ActiveCfg = Debug|x86
		{4C3469E1-ECEE-4BDB-A5A8-C51264A75381}.Debug|x86.Build.0 = Debug|x86
		{4C3469E1-ECEE-4BDB-A5A8-C51264A75381}.Release|Any CPU.ActiveCfg = Release|Any CPU
		{4C3469E1-ECEE-4BDB-A5A8-C51264A75381}.Release|Any CPU.Build.0 = Release|Any CPU
		{4C3469E1-ECEE-4BDB-A5A8-C51264A75381}.Release|ARM.ActiveCfg = Release|ARM
		{4C3469E1-ECEE-4BDB-A5A8-C51264A75381}.Release|ARM.Build.0 = Release|ARM
		{4C3469E1-ECEE-4BDB-A5A8-C51264A75381}.Release|Mixed Platforms.ActiveCfg = Release|x86
		{4C3469E1-ECEE-4BDB-A5A8-C51264A75381}.Release|Mixed Platforms.Build.0 = Release|x86
		{4C3469E1-ECEE-4BDB-A5A8-C51264A75381}.Release|x64.ActiveCfg = Release|Any CPU
		{4C3469E1-ECEE-4BDB-A5A8-C51264A75381}.Release|x86.ActiveCfg = Release|x86
		{4C3469E1-ECEE-4BDB-A5A8-C51264A75381}.Release|x86.Build.0 = Release|x86
		{8BDA2114-9B9D-467F-93CD-3F2866932847}.Debug|Any CPU.ActiveCfg = Debug|Any CPU
		{8BDA2114-9B9D-467F-93CD-3F2866932847}.Debug|Any CPU.Build.0 = Debug|Any CPU
		{8BDA2114-9B9D-467F-93CD-3F2866932847}.Debug|ARM.ActiveCfg = Debug|ARM
		{8BDA2114-9B9D-467F-93CD-3F2866932847}.Debug|ARM.Build.0 = Debug|ARM
		{8BDA2114-9B9D-467F-93CD-3F2866932847}.Debug|Mixed Platforms.ActiveCfg = Debug|x86
		{8BDA2114-9B9D-467F-93CD-3F2866932847}.Debug|Mixed Platforms.Build.0 = Debug|x86
		{8BDA2114-9B9D-467F-93CD-3F2866932847}.Debug|x64.ActiveCfg = Debug|x64
		{8BDA2114-9B9D-467F-93CD-3F2866932847}.Debug|x64.Build.0 = Debug|x64
		{8BDA2114-9B9D-467F-93CD-3F2866932847}.Debug|x86.ActiveCfg = Debug|x86
		{8BDA2114-9B9D-467F-93CD-3F2866932847}.Debug|x86.Build.0 = Debug|x86
		{8BDA2114-9B9D-467F-93CD-3F2866932847}.Release|Any CPU.ActiveCfg = Release|Any CPU
		{8BDA2114-9B9D-467F-93CD-3F2866932847}.Release|Any CPU.Build.0 = Release|Any CPU
		{8BDA2114-9B9D-467F-93CD-3F2866932847}.Release|ARM.ActiveCfg = Release|ARM
		{8BDA2114-9B9D-467F-93CD-3F2866932847}.Release|ARM.Build.0 = Release|ARM
		{8BDA2114-9B9D-467F-93CD-3F2866932847}.Release|Mixed Platforms.ActiveCfg = Release|x86
		{8BDA2114-9B9D-467F-93CD-3F2866932847}.Release|Mixed Platforms.Build.0 = Release|x86
		{8BDA2114-9B9D-467F-93CD-3F2866932847}.Release|x64.ActiveCfg = Release|x64
		{8BDA2114-9B9D-467F-93CD-3F2866932847}.Release|x64.Build.0 = Release|x64
		{8BDA2114-9B9D-467F-93CD-3F2866932847}.Release|x86.ActiveCfg = Release|x86
		{8BDA2114-9B9D-467F-93CD-3F2866932847}.Release|x86.Build.0 = Release|x86
		{E8AC87AD-4A8A-4EFA-84E7-25C5F62E092E}.Debug|Any CPU.ActiveCfg = Debug|x86
		{E8AC87AD-4A8A-4EFA-84E7-25C5F62E092E}.Debug|ARM.ActiveCfg = Debug|ARM
		{E8AC87AD-4A8A-4EFA-84E7-25C5F62E092E}.Debug|ARM.Build.0 = Debug|ARM
		{E8AC87AD-4A8A-4EFA-84E7-25C5F62E092E}.Debug|ARM.Deploy.0 = Debug|ARM
		{E8AC87AD-4A8A-4EFA-84E7-25C5F62E092E}.Debug|Mixed Platforms.ActiveCfg = Debug|x86
		{E8AC87AD-4A8A-4EFA-84E7-25C5F62E092E}.Debug|Mixed Platforms.Build.0 = Debug|x86
		{E8AC87AD-4A8A-4EFA-84E7-25C5F62E092E}.Debug|Mixed Platforms.Deploy.0 = Debug|x86
		{E8AC87AD-4A8A-4EFA-84E7-25C5F62E092E}.Debug|x64.ActiveCfg = Debug|x86
		{E8AC87AD-4A8A-4EFA-84E7-25C5F62E092E}.Debug|x86.ActiveCfg = Debug|x86
		{E8AC87AD-4A8A-4EFA-84E7-25C5F62E092E}.Debug|x86.Build.0 = Debug|x86
		{E8AC87AD-4A8A-4EFA-84E7-25C5F62E092E}.Debug|x86.Deploy.0 = Debug|x86
		{E8AC87AD-4A8A-4EFA-84E7-25C5F62E092E}.Release|Any CPU.ActiveCfg = Release|x86
		{E8AC87AD-4A8A-4EFA-84E7-25C5F62E092E}.Release|ARM.ActiveCfg = Release|ARM
		{E8AC87AD-4A8A-4EFA-84E7-25C5F62E092E}.Release|ARM.Build.0 = Release|ARM
		{E8AC87AD-4A8A-4EFA-84E7-25C5F62E092E}.Release|ARM.Deploy.0 = Release|ARM
		{E8AC87AD-4A8A-4EFA-84E7-25C5F62E092E}.Release|Mixed Platforms.ActiveCfg = Release|x86
		{E8AC87AD-4A8A-4EFA-84E7-25C5F62E092E}.Release|Mixed Platforms.Build.0 = Release|x86
		{E8AC87AD-4A8A-4EFA-84E7-25C5F62E092E}.Release|Mixed Platforms.Deploy.0 = Release|x86
		{E8AC87AD-4A8A-4EFA-84E7-25C5F62E092E}.Release|x64.ActiveCfg = Release|x86
		{E8AC87AD-4A8A-4EFA-84E7-25C5F62E092E}.Release|x86.ActiveCfg = Release|x86
		{E8AC87AD-4A8A-4EFA-84E7-25C5F62E092E}.Release|x86.Build.0 = Release|x86
		{E8AC87AD-4A8A-4EFA-84E7-25C5F62E092E}.Release|x86.Deploy.0 = Release|x86
		{E98A52E9-34E3-49AC-BE36-F954E7ECA9A7}.Debug|Any CPU.ActiveCfg = Debug|x86
		{E98A52E9-34E3-49AC-BE36-F954E7ECA9A7}.Debug|ARM.ActiveCfg = Debug|ARM
		{E98A52E9-34E3-49AC-BE36-F954E7ECA9A7}.Debug|ARM.Build.0 = Debug|ARM
		{E98A52E9-34E3-49AC-BE36-F954E7ECA9A7}.Debug|ARM.Deploy.0 = Debug|ARM
		{E98A52E9-34E3-49AC-BE36-F954E7ECA9A7}.Debug|Mixed Platforms.ActiveCfg = Debug|x86
		{E98A52E9-34E3-49AC-BE36-F954E7ECA9A7}.Debug|Mixed Platforms.Build.0 = Debug|x86
		{E98A52E9-34E3-49AC-BE36-F954E7ECA9A7}.Debug|Mixed Platforms.Deploy.0 = Debug|x86
		{E98A52E9-34E3-49AC-BE36-F954E7ECA9A7}.Debug|x64.ActiveCfg = Debug|x86
		{E98A52E9-34E3-49AC-BE36-F954E7ECA9A7}.Debug|x86.ActiveCfg = Debug|x86
		{E98A52E9-34E3-49AC-BE36-F954E7ECA9A7}.Debug|x86.Build.0 = Debug|x86
		{E98A52E9-34E3-49AC-BE36-F954E7ECA9A7}.Debug|x86.Deploy.0 = Debug|x86
		{E98A52E9-34E3-49AC-BE36-F954E7ECA9A7}.Release|Any CPU.ActiveCfg = Release|x86
		{E98A52E9-34E3-49AC-BE36-F954E7ECA9A7}.Release|ARM.ActiveCfg = Release|ARM
		{E98A52E9-34E3-49AC-BE36-F954E7ECA9A7}.Release|ARM.Build.0 = Release|ARM
		{E98A52E9-34E3-49AC-BE36-F954E7ECA9A7}.Release|ARM.Deploy.0 = Release|ARM
		{E98A52E9-34E3-49AC-BE36-F954E7ECA9A7}.Release|Mixed Platforms.ActiveCfg = Release|x86
		{E98A52E9-34E3-49AC-BE36-F954E7ECA9A7}.Release|Mixed Platforms.Build.0 = Release|x86
		{E98A52E9-34E3-49AC-BE36-F954E7ECA9A7}.Release|Mixed Platforms.Deploy.0 = Release|x86
		{E98A52E9-34E3-49AC-BE36-F954E7ECA9A7}.Release|x64.ActiveCfg = Release|x86
		{E98A52E9-34E3-49AC-BE36-F954E7ECA9A7}.Release|x86.ActiveCfg = Release|x86
		{E98A52E9-34E3-49AC-BE36-F954E7ECA9A7}.Release|x86.Build.0 = Release|x86
		{E98A52E9-34E3-49AC-BE36-F954E7ECA9A7}.Release|x86.Deploy.0 = Release|x86
		{7D277E14-6CBA-4CDF-9D41-8424E7BE14C4}.Debug|Any CPU.ActiveCfg = Debug|Any CPU
		{7D277E14-6CBA-4CDF-9D41-8424E7BE14C4}.Debug|Any CPU.Build.0 = Debug|Any CPU
		{7D277E14-6CBA-4CDF-9D41-8424E7BE14C4}.Debug|ARM.ActiveCfg = Debug|Any CPU
		{7D277E14-6CBA-4CDF-9D41-8424E7BE14C4}.Debug|Mixed Platforms.ActiveCfg = Debug|Any CPU
		{7D277E14-6CBA-4CDF-9D41-8424E7BE14C4}.Debug|Mixed Platforms.Build.0 = Debug|Any CPU
		{7D277E14-6CBA-4CDF-9D41-8424E7BE14C4}.Debug|x64.ActiveCfg = Debug|Any CPU
		{7D277E14-6CBA-4CDF-9D41-8424E7BE14C4}.Debug|x86.ActiveCfg = Debug|Any CPU
		{7D277E14-6CBA-4CDF-9D41-8424E7BE14C4}.Release|Any CPU.ActiveCfg = Release|Any CPU
		{7D277E14-6CBA-4CDF-9D41-8424E7BE14C4}.Release|Any CPU.Build.0 = Release|Any CPU
		{7D277E14-6CBA-4CDF-9D41-8424E7BE14C4}.Release|ARM.ActiveCfg = Release|Any CPU
		{7D277E14-6CBA-4CDF-9D41-8424E7BE14C4}.Release|Mixed Platforms.ActiveCfg = Release|Any CPU
		{7D277E14-6CBA-4CDF-9D41-8424E7BE14C4}.Release|Mixed Platforms.Build.0 = Release|Any CPU
		{7D277E14-6CBA-4CDF-9D41-8424E7BE14C4}.Release|x64.ActiveCfg = Release|Any CPU
		{7D277E14-6CBA-4CDF-9D41-8424E7BE14C4}.Release|x86.ActiveCfg = Release|Any CPU
		{615FD0F0-3829-4958-B26D-223F476D16CB}.Debug|Any CPU.ActiveCfg = Debug|Any CPU
		{615FD0F0-3829-4958-B26D-223F476D16CB}.Debug|Any CPU.Build.0 = Debug|Any CPU
		{615FD0F0-3829-4958-B26D-223F476D16CB}.Debug|ARM.ActiveCfg = Debug|Any CPU
		{615FD0F0-3829-4958-B26D-223F476D16CB}.Debug|Mixed Platforms.ActiveCfg = Debug|Any CPU
		{615FD0F0-3829-4958-B26D-223F476D16CB}.Debug|Mixed Platforms.Build.0 = Debug|Any CPU
		{615FD0F0-3829-4958-B26D-223F476D16CB}.Debug|x64.ActiveCfg = Debug|Any CPU
		{615FD0F0-3829-4958-B26D-223F476D16CB}.Debug|x86.ActiveCfg = Debug|Any CPU
		{615FD0F0-3829-4958-B26D-223F476D16CB}.Release|Any CPU.ActiveCfg = Release|Any CPU
		{615FD0F0-3829-4958-B26D-223F476D16CB}.Release|Any CPU.Build.0 = Release|Any CPU
		{615FD0F0-3829-4958-B26D-223F476D16CB}.Release|ARM.ActiveCfg = Release|Any CPU
		{615FD0F0-3829-4958-B26D-223F476D16CB}.Release|Mixed Platforms.ActiveCfg = Release|Any CPU
		{615FD0F0-3829-4958-B26D-223F476D16CB}.Release|Mixed Platforms.Build.0 = Release|Any CPU
		{615FD0F0-3829-4958-B26D-223F476D16CB}.Release|x64.ActiveCfg = Release|Any CPU
		{615FD0F0-3829-4958-B26D-223F476D16CB}.Release|x86.ActiveCfg = Release|Any CPU
		{D3257577-5649-455A-A71C-E0857C13C4EF}.Debug|Any CPU.ActiveCfg = Debug|x86
		{D3257577-5649-455A-A71C-E0857C13C4EF}.Debug|ARM.ActiveCfg = Debug|ARM
		{D3257577-5649-455A-A71C-E0857C13C4EF}.Debug|ARM.Build.0 = Debug|ARM
		{D3257577-5649-455A-A71C-E0857C13C4EF}.Debug|ARM.Deploy.0 = Debug|ARM
		{D3257577-5649-455A-A71C-E0857C13C4EF}.Debug|Mixed Platforms.ActiveCfg = Debug|x86
		{D3257577-5649-455A-A71C-E0857C13C4EF}.Debug|Mixed Platforms.Build.0 = Debug|x86
		{D3257577-5649-455A-A71C-E0857C13C4EF}.Debug|Mixed Platforms.Deploy.0 = Debug|x86
		{D3257577-5649-455A-A71C-E0857C13C4EF}.Debug|x64.ActiveCfg = Debug|x86
		{D3257577-5649-455A-A71C-E0857C13C4EF}.Debug|x86.ActiveCfg = Debug|x86
		{D3257577-5649-455A-A71C-E0857C13C4EF}.Debug|x86.Build.0 = Debug|x86
		{D3257577-5649-455A-A71C-E0857C13C4EF}.Debug|x86.Deploy.0 = Debug|x86
		{D3257577-5649-455A-A71C-E0857C13C4EF}.Release|Any CPU.ActiveCfg = Release|x86
		{D3257577-5649-455A-A71C-E0857C13C4EF}.Release|ARM.ActiveCfg = Release|ARM
		{D3257577-5649-455A-A71C-E0857C13C4EF}.Release|ARM.Build.0 = Release|ARM
		{D3257577-5649-455A-A71C-E0857C13C4EF}.Release|ARM.Deploy.0 = Release|ARM
		{D3257577-5649-455A-A71C-E0857C13C4EF}.Release|Mixed Platforms.ActiveCfg = Release|x86
		{D3257577-5649-455A-A71C-E0857C13C4EF}.Release|Mixed Platforms.Build.0 = Release|x86
		{D3257577-5649-455A-A71C-E0857C13C4EF}.Release|Mixed Platforms.Deploy.0 = Release|x86
		{D3257577-5649-455A-A71C-E0857C13C4EF}.Release|x64.ActiveCfg = Release|x86
		{D3257577-5649-455A-A71C-E0857C13C4EF}.Release|x86.ActiveCfg = Release|x86
		{D3257577-5649-455A-A71C-E0857C13C4EF}.Release|x86.Build.0 = Release|x86
		{D3257577-5649-455A-A71C-E0857C13C4EF}.Release|x86.Deploy.0 = Release|x86
		{E86F5F79-3207-46A2-B10F-52144D087FB8}.Debug|Any CPU.ActiveCfg = Debug|Any CPU
		{E86F5F79-3207-46A2-B10F-52144D087FB8}.Debug|Any CPU.Build.0 = Debug|Any CPU
		{E86F5F79-3207-46A2-B10F-52144D087FB8}.Debug|Any CPU.Deploy.0 = Debug|Any CPU
		{E86F5F79-3207-46A2-B10F-52144D087FB8}.Debug|ARM.ActiveCfg = Debug|ARM
		{E86F5F79-3207-46A2-B10F-52144D087FB8}.Debug|ARM.Build.0 = Debug|ARM
		{E86F5F79-3207-46A2-B10F-52144D087FB8}.Debug|ARM.Deploy.0 = Debug|ARM
		{E86F5F79-3207-46A2-B10F-52144D087FB8}.Debug|Mixed Platforms.ActiveCfg = Debug|x86
		{E86F5F79-3207-46A2-B10F-52144D087FB8}.Debug|Mixed Platforms.Build.0 = Debug|x86
		{E86F5F79-3207-46A2-B10F-52144D087FB8}.Debug|Mixed Platforms.Deploy.0 = Debug|x86
		{E86F5F79-3207-46A2-B10F-52144D087FB8}.Debug|x64.ActiveCfg = Debug|x64
		{E86F5F79-3207-46A2-B10F-52144D087FB8}.Debug|x64.Build.0 = Debug|x64
		{E86F5F79-3207-46A2-B10F-52144D087FB8}.Debug|x64.Deploy.0 = Debug|x64
		{E86F5F79-3207-46A2-B10F-52144D087FB8}.Debug|x86.ActiveCfg = Debug|x86
		{E86F5F79-3207-46A2-B10F-52144D087FB8}.Debug|x86.Build.0 = Debug|x86
		{E86F5F79-3207-46A2-B10F-52144D087FB8}.Debug|x86.Deploy.0 = Debug|x86
		{E86F5F79-3207-46A2-B10F-52144D087FB8}.Release|Any CPU.ActiveCfg = Release|Any CPU
		{E86F5F79-3207-46A2-B10F-52144D087FB8}.Release|Any CPU.Build.0 = Release|Any CPU
		{E86F5F79-3207-46A2-B10F-52144D087FB8}.Release|Any CPU.Deploy.0 = Release|Any CPU
		{E86F5F79-3207-46A2-B10F-52144D087FB8}.Release|ARM.ActiveCfg = Release|ARM
		{E86F5F79-3207-46A2-B10F-52144D087FB8}.Release|ARM.Build.0 = Release|ARM
		{E86F5F79-3207-46A2-B10F-52144D087FB8}.Release|ARM.Deploy.0 = Release|ARM
		{E86F5F79-3207-46A2-B10F-52144D087FB8}.Release|Mixed Platforms.ActiveCfg = Release|x86
		{E86F5F79-3207-46A2-B10F-52144D087FB8}.Release|Mixed Platforms.Build.0 = Release|x86
		{E86F5F79-3207-46A2-B10F-52144D087FB8}.Release|Mixed Platforms.Deploy.0 = Release|x86
		{E86F5F79-3207-46A2-B10F-52144D087FB8}.Release|x64.ActiveCfg = Release|x64
		{E86F5F79-3207-46A2-B10F-52144D087FB8}.Release|x64.Build.0 = Release|x64
		{E86F5F79-3207-46A2-B10F-52144D087FB8}.Release|x64.Deploy.0 = Release|x64
		{E86F5F79-3207-46A2-B10F-52144D087FB8}.Release|x86.ActiveCfg = Release|x86
		{E86F5F79-3207-46A2-B10F-52144D087FB8}.Release|x86.Build.0 = Release|x86
		{E86F5F79-3207-46A2-B10F-52144D087FB8}.Release|x86.Deploy.0 = Release|x86
	EndGlobalSection
	GlobalSection(SolutionProperties) = preSolution
		HideSolutionNode = FALSE
	EndGlobalSection
	GlobalSection(NestedProjects) = preSolution
		{E8AC87AD-4A8A-4EFA-84E7-25C5F62E092E} = {9B4B9166-DFF4-470A-A505-A8B8FEA061F5}
		{E98A52E9-34E3-49AC-BE36-F954E7ECA9A7} = {9B4B9166-DFF4-470A-A505-A8B8FEA061F5}
		{7D277E14-6CBA-4CDF-9D41-8424E7BE14C4} = {9B4B9166-DFF4-470A-A505-A8B8FEA061F5}
		{D3257577-5649-455A-A71C-E0857C13C4EF} = {9B4B9166-DFF4-470A-A505-A8B8FEA061F5}
		{E86F5F79-3207-46A2-B10F-52144D087FB8} = {9B4B9166-DFF4-470A-A505-A8B8FEA061F5}
	EndGlobalSection
EndGlobal
